
Microsoft Visual Studio Solution File, Format Version 12.00
# Visual Studio Version 17
VisualStudioVersion = 17.2.32630.192
MinimumVisualStudioVersion = 10.0.40219.1
Project("{FAE04EC0-301F-11D3-BF4B-00C04F79EFBC}") = "JobCostingAPI", "JobCostingAPI\JobCostingAPI.csproj", "{AE8C4960-8757-48F0-80B5-E3008C3A5D95}"
EndProject
Project("{FAE04EC0-301F-11D3-BF4B-00C04F79EFBC}") = "DataAccess", "DataAccess\DataAccess.csproj", "{CCB850DF-CD2C-43DF-853D-0FDAACC447E6}"
EndProject
Project("{2150E333-8FDC-42A3-9474-1A3956D46DE8}") = "Solution Items", "Solution Items", "{BDE88EEA-F63B-45C4-98F7-52AC06A040B3}"
	ProjectSection(SolutionItems) = preProject
		.editorconfig = .editorconfig
	EndProjectSection
EndProject
Global
	GlobalSection(SolutionConfigurationPlatforms) = preSolution
		Debug|Any CPU = Debug|Any CPU
		Release|Any CPU = Release|Any CPU
	EndGlobalSection
	GlobalSection(ProjectConfigurationPlatforms) = postSolution
		{AE8C4960-8757-48F0-80B5-E3008C3A5D95}.Debug|Any CPU.ActiveCfg = Debug|Any CPU
		{AE8C4960-8757-48F0-80B5-E3008C3A5D95}.Debug|Any CPU.Build.0 = Debug|Any CPU
		{AE8C4960-8757-48F0-80B5-E3008C3A5D95}.Release|Any CPU.ActiveCfg = Release|Any CPU
		{AE8C4960-8757-48F0-80B5-E3008C3A5D95}.Release|Any CPU.Build.0 = Release|Any CPU
		{CCB850DF-CD2C-43DF-853D-0FDAACC447E6}.Debug|Any CPU.ActiveCfg = Debug|Any CPU
		{CCB850DF-CD2C-43DF-853D-0FDAACC447E6}.Debug|Any CPU.Build.0 = Debug|Any CPU
		{CCB850DF-CD2C-43DF-853D-0FDAACC447E6}.Release|Any CPU.ActiveCfg = Release|Any CPU
		{CCB850DF-CD2C-43DF-853D-0FDAACC447E6}.Release|Any CPU.Build.0 = Release|Any CPU
	EndGlobalSection
	GlobalSection(SolutionProperties) = preSolution
		HideSolutionNode = FALSE
	EndGlobalSection
	GlobalSection(ExtensibilityGlobals) = postSolution
		SolutionGuid = {778EDA0D-363F-4A19-BFA8-4AAF8EC57703}
	EndGlobalSection
EndGlobal
